
Microsoft Visual Studio Solution File, Format Version 12.00
# Visual Studio Version 16
VisualStudioVersion = 16.0.30517.126
MinimumVisualStudioVersion = 10.0.40219.1
Project("{FAE04EC0-301F-11D3-BF4B-00C04F79EFBC}") = "FaceTutorial", "FaceTutorial.csproj", "{EE04894C-DD5A-4EF5-AA53-0413189A9378}"
EndProject
Global
	GlobalSection(SolutionConfigurationPlatforms) = preSolution
		Debug|Any CPU = Debug|Any CPU
		Release|Any CPU = Release|Any CPU
	EndGlobalSection
	GlobalSection(ProjectConfigurationPlatforms) = postSolution
		{EE04894C-DD5A-4EF5-AA53-0413189A9378}.Debug|Any CPU.ActiveCfg = Debug|Any CPU
		{EE04894C-DD5A-4EF5-AA53-0413189A9378}.Debug|Any CPU.Build.0 = Debug|Any CPU
		{EE04894C-DD5A-4EF5-AA53-0413189A9378}.Release|Any CPU.ActiveCfg = Release|Any CPU
		{EE04894C-DD5A-4EF5-AA53-0413189A9378}.Release|Any CPU.Build.0 = Release|Any CPU
	EndGlobalSection
	GlobalSection(SolutionProperties) = preSolution
		HideSolutionNode = FALSE
	EndGlobalSection
	GlobalSection(ExtensibilityGlobals) = postSolution
		SolutionGuid = {8C4E359F-D1A3-4D1C-B9A0-F11A21B8A490}
	EndGlobalSection
EndGlobal
